{
  "name": "teamspeak-query",
  "version": "1.5.5",
  "lockfileVersion": 1,
  "requires": true,
  "dependencies": {
    "assertion-error": {
      "version": "1.0.2",
      "resolved": "https://registry.npmjs.org/assertion-error/-/assertion-error-1.0.2.tgz",
      "integrity": "sha1-E8pRXYYgbaC6xm6DTdOX2HWBCUw=",
      "dev": true
    },
    "carrier": {
      "version": "0.3.0",
      "resolved": "https://registry.npmjs.org/carrier/-/carrier-0.3.0.tgz",
      "integrity": "sha1-vSldHTp1JMrGPdd5uSnuIqNiutQ="
    },
    "chai": {
      "version": "3.5.0",
      "resolved": "https://registry.npmjs.org/chai/-/chai-3.5.0.tgz",
      "integrity": "sha1-TQJjewZ/6Vi9v906QOxW/vc3Mkc=",
      "dev": true,
      "requires": {
        "assertion-error": "1.0.2",
        "deep-eql": "0.1.3",
        "type-detect": "1.0.0"
      }
    },
    "deep-eql": {
      "version": "0.1.3",
      "resolved": "https://registry.npmjs.org/deep-eql/-/deep-eql-0.1.3.tgz",
      "integrity": "sha1-71WKyrjeJSBs1xOQbXTlaTDrafI=",
      "dev": true,
      "requires": {
        "type-detect": "0.1.1"
      },
      "dependencies": {
        "type-detect": {
          "version": "0.1.1",
          "resolved": "https://registry.npmjs.org/type-detect/-/type-detect-0.1.1.tgz",
          "integrity": "sha1-C6XsKohWQORw6k6FBZcZANrFiCI=",
          "dev": true
        }
      }
    },
    "eventemitter2": {
      "version": "1.0.4",
      "resolved": "https://registry.npmjs.org/eventemitter2/-/eventemitter2-1.0.4.tgz",
      "integrity": "sha1-qTJbJhDn6N3VDsfcwc71lipH8/M="
    },
    "jsdoc": {
      "version": "3.4.0",
      "resolved": "https://registry.npmjs.org/jsdoc/-/jsdoc-3.4.0.tgz",
      "integrity": "sha1-NBzbBuRKET2VQe/SEslaSIBk6e4=",
      "dev": true,
      "requires": {
        "async": "1.4.2",
        "bluebird": "2.9.34",
        "catharsis": "0.8.8",
        "escape-string-regexp": "1.0.5",
        "espree": "2.2.5",
        "js2xmlparser": "1.0.0",
        "marked": "0.3.5",
        "requizzle": "0.2.1",
        "strip-json-comments": "1.0.4",
        "taffydb": "https://github.com/hegemonic/taffydb/tarball/7d100bcee0e997ee4977e273cdce60bd8933050e",
        "underscore": "1.8.3",
        "wrench": "1.5.9"
      },
      "dependencies": {
        "async": {
          "version": "1.4.2",
          "resolved": "https://registry.npmjs.org/async/-/async-1.4.2.tgz",
          "integrity": "sha1-bJ7csRztTw3S8tQNsNSaEJwIiqs=",
          "dev": true
        },
        "bluebird": {
          "version": "2.9.34",
          "resolved": "https://registry.npmjs.org/bluebird/-/bluebird-2.9.34.tgz",
          "integrity": "sha1-L3tOyAIWMoqf3evfacjUlC/v99g=",
          "dev": true
        },
        "catharsis": {
          "version": "0.8.8",
          "resolved": "https://registry.npmjs.org/catharsis/-/catharsis-0.8.8.tgz",
          "integrity": "sha1-aTR59DqsVJ2Aa9c+kkzQ2USVGgY=",
          "dev": true,
          "requires": {
            "underscore-contrib": "0.3.0"
          },
          "dependencies": {
            "underscore-contrib": {
              "version": "0.3.0",
              "resolved": "https://registry.npmjs.org/underscore-contrib/-/underscore-contrib-0.3.0.tgz",
              "integrity": "sha1-ZltmwkeD+PorGMn4y7Dix9SMJsc=",
              "dev": true,
              "requires": {
                "underscore": "1.6.0"
              },
              "dependencies": {
                "underscore": {
                  "version": "1.6.0",
                  "resolved": "https://registry.npmjs.org/underscore/-/underscore-1.6.0.tgz",
                  "integrity": "sha1-izixDKze9jM3uLJOT/htRa6lKag=",
                  "dev": true
                }
              }
            }
          }
        },
        "escape-string-regexp": {
          "version": "1.0.5",
          "resolved": "https://registry.npmjs.org/escape-string-regexp/-/escape-string-regexp-1.0.5.tgz",
          "integrity": "sha1-G2HAViGQqN/2rjuyzwIAyhMLhtQ=",
          "dev": true
        },
        "espree": {
          "version": "2.2.5",
          "resolved": "https://registry.npmjs.org/espree/-/espree-2.2.5.tgz",
          "integrity": "sha1-32kbkxCIlAKuspzAZnCMVmkLhUs=",
          "dev": true
        },
        "js2xmlparser": {
          "version": "1.0.0",
          "resolved": "https://registry.npmjs.org/js2xmlparser/-/js2xmlparser-1.0.0.tgz",
          "integrity": "sha1-WhcPLo1kds5FQF4EgjJCUTeC/jA=",
          "dev": true
        },
        "marked": {
          "version": "0.3.5",
          "resolved": "https://registry.npmjs.org/marked/-/marked-0.3.5.tgz",
          "integrity": "sha1-QROhWsXXvKFYpargciRYe5+hW5Q=",
          "dev": true
        },
        "requizzle": {
          "version": "0.2.1",
          "resolved": "https://registry.npmjs.org/requizzle/-/requizzle-0.2.1.tgz",
          "integrity": "sha1-aUPDUwxNmn5G8c3dUcFY/GcM294=",
          "dev": true,
          "requires": {
            "underscore": "1.6.0"
          },
          "dependencies": {
            "underscore": {
              "version": "1.6.0",
              "resolved": "https://registry.npmjs.org/underscore/-/underscore-1.6.0.tgz",
              "integrity": "sha1-izixDKze9jM3uLJOT/htRa6lKag=",
              "dev": true
            }
          }
        },
        "strip-json-comments": {
          "version": "1.0.4",
          "resolved": "https://registry.npmjs.org/strip-json-comments/-/strip-json-comments-1.0.4.tgz",
          "integrity": "sha1-HhX7ysl9Pumb8tc7TGVrCCu6+5E=",
          "dev": true
        },
        "taffydb": {
          "version": "https://github.com/hegemonic/taffydb/tarball/7d100bcee0e997ee4977e273cdce60bd8933050e",
          "integrity": "sha1-PFSdL1cS19HRCa1rsaQITxt63U4=",
          "dev": true
        },
        "underscore": {
          "version": "1.8.3",
          "resolved": "https://registry.npmjs.org/underscore/-/underscore-1.8.3.tgz",
          "integrity": "sha1-Tz+1OxBuYJf8+ctBCfKl6b36UCI=",
          "dev": true
        },
        "wrench": {
          "version": "1.5.9",
          "resolved": "https://registry.npmjs.org/wrench/-/wrench-1.5.9.tgz",
          "integrity": "sha1-QRaRxjqbJTGxcAJnJ5veyiOyFCo=",
          "dev": true
        }
      }
    },
    "type-detect": {
      "version": "1.0.0",
      "resolved": "https://registry.npmjs.org/type-detect/-/type-detect-1.0.0.tgz",
      "integrity": "sha1-diIXzAbbJY7EiQihKY6LlRIejqI=",
      "dev": true
    },
    "type-of": {
      "version": "2.0.1",
      "resolved": "https://registry.npmjs.org/type-of/-/type-of-2.0.1.tgz",
      "integrity": "sha1-5yoXQYllaOn2KDeNgW1pEvfyOXI="
    }
  }
}
